// !$*UTF8*$!
{
	archiveVersion = 1;
	classes = {
	};
	objectVersion = 77;
	objects = {

/* Begin PBXBuildFile section */
		3F1D34BD2E5A16A200C862A0 /* UIView++Extension.swift in Sources */ = {isa = PBXBuildFile; fileRef = 3F1D34BC2E5A16A200C862A0 /* UIView++Extension.swift */; };
		3F1D34C02E5A16CE00C862A0 /* Toast in Frameworks */ = {isa = PBXBuildFile; productRef = 3F1D34BF2E5A16CE00C862A0 /* Toast */; };
		3F1D35492E5A2AC900C862A0 /* SelectTamagotchiViewController.swift in Sources */ = {isa = PBXBuildFile; fileRef = 3F1D35482E5A2AC900C862A0 /* SelectTamagotchiViewController.swift */; };
		3F1D3C7F2E5CBDCC00D9CAFA /* LottoViewController.swift in Sources */ = {isa = PBXBuildFile; fileRef = 3F1D3C7E2E5CBDCC00D9CAFA /* LottoViewController.swift */; };
		3F1D3C832E5CBFCB00D9CAFA /* LottoObservable.swift in Sources */ = {isa = PBXBuildFile; fileRef = 3F1D3C822E5CBFCB00D9CAFA /* LottoObservable.swift */; };
		3F1D3C862E5CC25100D9CAFA /* Alamofire in Frameworks */ = {isa = PBXBuildFile; productRef = 3F1D3C852E5CC25100D9CAFA /* Alamofire */; };
		3F1D3C892E5CC27700D9CAFA /* LottoModel.swift in Sources */ = {isa = PBXBuildFile; fileRef = 3F1D3C882E5CC27700D9CAFA /* LottoModel.swift */; };
		3F1D3C8D2E5CC8D900D9CAFA /* BoxOfficeViewController.swift in Sources */ = {isa = PBXBuildFile; fileRef = 3F1D3C8C2E5CC8D900D9CAFA /* BoxOfficeViewController.swift */; };
		3F1D3C902E5CC9D600D9CAFA /* BoxOfficeObservable.swift in Sources */ = {isa = PBXBuildFile; fileRef = 3F1D3C8F2E5CC9D600D9CAFA /* BoxOfficeObservable.swift */; };
		3F1D3C932E5CC9E500D9CAFA /* BoxOfficeModel.swift in Sources */ = {isa = PBXBuildFile; fileRef = 3F1D3C922E5CC9E500D9CAFA /* BoxOfficeModel.swift */; };
		3F1D3CCA2E5CE1C700D9CAFA /* Secret.xcconfig in Resources */ = {isa = PBXBuildFile; fileRef = 3F1D3CC92E5CE1C700D9CAFA /* Secret.xcconfig */; };
		3F1D3CCD2E5CE69500D9CAFA /* BoxOfficeTableViewCell.swift in Sources */ = {isa = PBXBuildFile; fileRef = 3F1D3CCC2E5CE69500D9CAFA /* BoxOfficeTableViewCell.swift */; };
		3F3BBD702E55DD6300A0CB52 /* PersonTableViewCell.swift in Sources */ = {isa = PBXBuildFile; fileRef = 3F3BBD6D2E55DD6300A0CB52 /* PersonTableViewCell.swift */; };
		3F3BBD712E55DD6300A0CB52 /* UserCollectionViewCell.swift in Sources */ = {isa = PBXBuildFile; fileRef = 3F3BBD6E2E55DD6300A0CB52 /* UserCollectionViewCell.swift */; };
		3F3BBD722E55DD6300A0CB52 /* HomeworkViewController.swift in Sources */ = {isa = PBXBuildFile; fileRef = 3F3BBD6B2E55DD6300A0CB52 /* HomeworkViewController.swift */; };
		3F3BBD752E55DFB700A0CB52 /* Kingfisher in Frameworks */ = {isa = PBXBuildFile; productRef = 3F3BBD742E55DFB700A0CB52 /* Kingfisher */; };
		3F52B7412E585DA0008FD276 /* SettingViewController.swift in Sources */ = {isa = PBXBuildFile; fileRef = 3F52B7402E585DA0008FD276 /* SettingViewController.swift */; };
		3F52B7442E5860CB008FD276 /* SettingTableViewCell.swift in Sources */ = {isa = PBXBuildFile; fileRef = 3F52B7432E5860CB008FD276 /* SettingTableViewCell.swift */; };
		3F52B7472E586102008FD276 /* ReuseIdentifier.swift in Sources */ = {isa = PBXBuildFile; fileRef = 3F52B7462E586102008FD276 /* ReuseIdentifier.swift */; };
		3F52B74A2E5863EE008FD276 /* SettingViewModel.swift in Sources */ = {isa = PBXBuildFile; fileRef = 3F52B7492E5863EE008FD276 /* SettingViewModel.swift */; };
		3F5FCD6A2E5B100900896DC8 /* TamagotchiCollectionViewCell.swift in Sources */ = {isa = PBXBuildFile; fileRef = 3F5FCD692E5B100900896DC8 /* TamagotchiCollectionViewCell.swift */; };
		3F5FCD6D2E5B10D700896DC8 /* TamagotchiViewModel.swift in Sources */ = {isa = PBXBuildFile; fileRef = 3F5FCD6C2E5B10D700896DC8 /* TamagotchiViewModel.swift */; };
		3F9E7FA72E5A14DB00CF6A1D /* RxCocoa in Frameworks */ = {isa = PBXBuildFile; productRef = 3F9E7FA62E5A14DB00CF6A1D /* RxCocoa */; };
		3F9E7FA92E5A14DB00CF6A1D /* RxSwift in Frameworks */ = {isa = PBXBuildFile; productRef = 3F9E7FA82E5A14DB00CF6A1D /* RxSwift */; };
		3FA6F5412E5776920002B593 /* AddingNumbersViewModel.swift in Sources */ = {isa = PBXBuildFile; fileRef = 3FA6F5402E5776920002B593 /* AddingNumbersViewModel.swift */; };
		3FA6F54B2E5780B60002B593 /* SimpleValidationViewModel.swift in Sources */ = {isa = PBXBuildFile; fileRef = 3FA6F54A2E5780B60002B593 /* SimpleValidationViewModel.swift */; };
		3FA6F54E2E5783850002B593 /* HomeDetailViewController.swift in Sources */ = {isa = PBXBuildFile; fileRef = 3FA6F54D2E5783850002B593 /* HomeDetailViewController.swift */; };
		3FA87E162E54D20300494266 /* SnapKit in Frameworks */ = {isa = PBXBuildFile; productRef = 3FA87E152E54D20300494266 /* SnapKit */; };
		3FA87E192E54D20A00494266 /* Then in Frameworks */ = {isa = PBXBuildFile; productRef = 3FA87E182E54D20A00494266 /* Then */; };
		3FA87E1D2E54D35D00494266 /* SimpleTableViewCell.swift in Sources */ = {isa = PBXBuildFile; fileRef = 3FA87E1C2E54D35D00494266 /* SimpleTableViewCell.swift */; };
		3FA87E662E54DA3C00494266 /* RootTableViewController.swift in Sources */ = {isa = PBXBuildFile; fileRef = 3FA87E652E54DA3C00494266 /* RootTableViewController.swift */; };
		3FA87E6B2E54DB6200494266 /* RootTableTableViewCell.swift in Sources */ = {isa = PBXBuildFile; fileRef = 3FA87E6A2E54DB6200494266 /* RootTableTableViewCell.swift */; };
		3FA87E6E2E54DE7D00494266 /* AddingNumbersViewController.swift in Sources */ = {isa = PBXBuildFile; fileRef = 3FA87E6D2E54DE7D00494266 /* AddingNumbersViewController.swift */; };
		3FA87E722E54EAAA00494266 /* SimpleValidationViewController.swift in Sources */ = {isa = PBXBuildFile; fileRef = 3FA87E712E54EAAA00494266 /* SimpleValidationViewController.swift */; };
		3FCE1EAA2E545A7F00D317DA /* AppDelegate.swift in Sources */ = {isa = PBXBuildFile; fileRef = 3FCE1EA22E545A7F00D317DA /* AppDelegate.swift */; };
		3FCE1EAB2E545A7F00D317DA /* SceneDelegate.swift in Sources */ = {isa = PBXBuildFile; fileRef = 3FCE1EA72E545A7F00D317DA /* SceneDelegate.swift */; };
		3FCE1EAD2E545A7F00D317DA /* Assets.xcassets in Resources */ = {isa = PBXBuildFile; fileRef = 3FCE1EA32E545A7F00D317DA /* Assets.xcassets */; };
		3FCE1EAF2E545A7F00D317DA /* LaunchScreen.storyboard in Resources */ = {isa = PBXBuildFile; fileRef = 3FCE1EA62E545A7F00D317DA /* LaunchScreen.storyboard */; };
		3FCE1EB62E545BBA00D317DA /* SimpleTableViewViewController.swift in Sources */ = {isa = PBXBuildFile; fileRef = 3FCE1EB52E545BBA00D317DA /* SimpleTableViewViewController.swift */; };
		3FEBEAF32E59DC9F00AA7AC7 /* SettingModel.swift in Sources */ = {isa = PBXBuildFile; fileRef = 3FEBEAF22E59DC9F00AA7AC7 /* SettingModel.swift */; };
		3FEBEAF72E59E55C00AA7AC7 /* EditNicknameViewController.swift in Sources */ = {isa = PBXBuildFile; fileRef = 3FEBEAF62E59E55C00AA7AC7 /* EditNicknameViewController.swift */; };
		3FEBEAF92E59EA1D00AA7AC7 /* UIViewController++Extetnsion.swift in Sources */ = {isa = PBXBuildFile; fileRef = 3FEBEAF82E59EA1D00AA7AC7 /* UIViewController++Extetnsion.swift */; };
		3FEBEB7E2E59EA5300AA7AC7 /* UILabel++Extension.swift in Sources */ = {isa = PBXBuildFile; fileRef = 3FEBEB7D2E59EA5300AA7AC7 /* UILabel++Extension.swift */; };
		3FEBEC032E59F29500AA7AC7 /* UserDefaultsKey.swift in Sources */ = {isa = PBXBuildFile; fileRef = 3FEBEC022E59F29500AA7AC7 /* UserDefaultsKey.swift */; };
		3FEBEC062E59F30600AA7AC7 /* EditNicknameViewModel.swift in Sources */ = {isa = PBXBuildFile; fileRef = 3FEBEC052E59F30600AA7AC7 /* EditNicknameViewModel.swift */; };
		3FF308022E5B4F2C0079CA02 /* TamagotchiModel.swift in Sources */ = {isa = PBXBuildFile; fileRef = 3FF308012E5B4F2C0079CA02 /* TamagotchiModel.swift */; };
		3FF308042E5B69AB0079CA02 /* TamagotchiDetailViewController.swift in Sources */ = {isa = PBXBuildFile; fileRef = 3FF308032E5B69AB0079CA02 /* TamagotchiDetailViewController.swift */; };
		3FF308062E5B71A40079CA02 /* TamagotchiDetailViewModel.swift in Sources */ = {isa = PBXBuildFile; fileRef = 3FF308052E5B71A40079CA02 /* TamagotchiDetailViewModel.swift */; };
		3FF3081B2E5B84570079CA02 /* MainViewController.swift in Sources */ = {isa = PBXBuildFile; fileRef = 3FF3081A2E5B84570079CA02 /* MainViewController.swift */; };
		3FF308A42E5B91BB0079CA02 /* MainViewModel.swift in Sources */ = {isa = PBXBuildFile; fileRef = 3FF308A32E5B91BB0079CA02 /* MainViewModel.swift */; };
/* End PBXBuildFile section */

/* Begin PBXFileReference section */
		3F1D34BC2E5A16A200C862A0 /* UIView++Extension.swift */ = {isa = PBXFileReference; lastKnownFileType = sourcecode.swift; path = "UIView++Extension.swift"; sourceTree = "<group>"; };
		3F1D35482E5A2AC900C862A0 /* SelectTamagotchiViewController.swift */ = {isa = PBXFileReference; lastKnownFileType = sourcecode.swift; path = SelectTamagotchiViewController.swift; sourceTree = "<group>"; };
		3F1D3C7E2E5CBDCC00D9CAFA /* LottoViewController.swift */ = {isa = PBXFileReference; lastKnownFileType = sourcecode.swift; path = LottoViewController.swift; sourceTree = "<group>"; };
		3F1D3C822E5CBFCB00D9CAFA /* LottoObservable.swift */ = {isa = PBXFileReference; lastKnownFileType = sourcecode.swift; path = LottoObservable.swift; sourceTree = "<group>"; };
		3F1D3C882E5CC27700D9CAFA /* LottoModel.swift */ = {isa = PBXFileReference; lastKnownFileType = sourcecode.swift; path = LottoModel.swift; sourceTree = "<group>"; };
		3F1D3C8C2E5CC8D900D9CAFA /* BoxOfficeViewController.swift */ = {isa = PBXFileReference; lastKnownFileType = sourcecode.swift; path = BoxOfficeViewController.swift; sourceTree = "<group>"; };
		3F1D3C8F2E5CC9D600D9CAFA /* BoxOfficeObservable.swift */ = {isa = PBXFileReference; lastKnownFileType = sourcecode.swift; path = BoxOfficeObservable.swift; sourceTree = "<group>"; };
		3F1D3C922E5CC9E500D9CAFA /* BoxOfficeModel.swift */ = {isa = PBXFileReference; lastKnownFileType = sourcecode.swift; path = BoxOfficeModel.swift; sourceTree = "<group>"; };
		3F1D3CC92E5CE1C700D9CAFA /* Secret.xcconfig */ = {isa = PBXFileReference; lastKnownFileType = text.xcconfig; path = Secret.xcconfig; sourceTree = "<group>"; };
		3F1D3CCC2E5CE69500D9CAFA /* BoxOfficeTableViewCell.swift */ = {isa = PBXFileReference; lastKnownFileType = sourcecode.swift; path = BoxOfficeTableViewCell.swift; sourceTree = "<group>"; };
		3F3BBD6B2E55DD6300A0CB52 /* HomeworkViewController.swift */ = {isa = PBXFileReference; lastKnownFileType = sourcecode.swift; path = HomeworkViewController.swift; sourceTree = "<group>"; };
		3F3BBD6D2E55DD6300A0CB52 /* PersonTableViewCell.swift */ = {isa = PBXFileReference; lastKnownFileType = sourcecode.swift; path = PersonTableViewCell.swift; sourceTree = "<group>"; };
		3F3BBD6E2E55DD6300A0CB52 /* UserCollectionViewCell.swift */ = {isa = PBXFileReference; lastKnownFileType = sourcecode.swift; path = UserCollectionViewCell.swift; sourceTree = "<group>"; };
		3F52B7402E585DA0008FD276 /* SettingViewController.swift */ = {isa = PBXFileReference; lastKnownFileType = sourcecode.swift; path = SettingViewController.swift; sourceTree = "<group>"; };
		3F52B7432E5860CB008FD276 /* SettingTableViewCell.swift */ = {isa = PBXFileReference; lastKnownFileType = sourcecode.swift; path = SettingTableViewCell.swift; sourceTree = "<group>"; };
		3F52B7462E586102008FD276 /* ReuseIdentifier.swift */ = {isa = PBXFileReference; lastKnownFileType = sourcecode.swift; path = ReuseIdentifier.swift; sourceTree = "<group>"; };
		3F52B7492E5863EE008FD276 /* SettingViewModel.swift */ = {isa = PBXFileReference; lastKnownFileType = sourcecode.swift; path = SettingViewModel.swift; sourceTree = "<group>"; };
		3F5FCD692E5B100900896DC8 /* TamagotchiCollectionViewCell.swift */ = {isa = PBXFileReference; lastKnownFileType = sourcecode.swift; path = TamagotchiCollectionViewCell.swift; sourceTree = "<group>"; };
		3F5FCD6C2E5B10D700896DC8 /* TamagotchiViewModel.swift */ = {isa = PBXFileReference; lastKnownFileType = sourcecode.swift; path = TamagotchiViewModel.swift; sourceTree = "<group>"; };
		3FA6F5402E5776920002B593 /* AddingNumbersViewModel.swift */ = {isa = PBXFileReference; lastKnownFileType = sourcecode.swift; path = AddingNumbersViewModel.swift; sourceTree = "<group>"; };
		3FA6F54A2E5780B60002B593 /* SimpleValidationViewModel.swift */ = {isa = PBXFileReference; lastKnownFileType = sourcecode.swift; path = SimpleValidationViewModel.swift; sourceTree = "<group>"; };
		3FA6F54D2E5783850002B593 /* HomeDetailViewController.swift */ = {isa = PBXFileReference; lastKnownFileType = sourcecode.swift; path = HomeDetailViewController.swift; sourceTree = "<group>"; };
		3FA87E1C2E54D35D00494266 /* SimpleTableViewCell.swift */ = {isa = PBXFileReference; lastKnownFileType = sourcecode.swift; path = SimpleTableViewCell.swift; sourceTree = "<group>"; };
		3FA87E652E54DA3C00494266 /* RootTableViewController.swift */ = {isa = PBXFileReference; lastKnownFileType = sourcecode.swift; path = RootTableViewController.swift; sourceTree = "<group>"; };
		3FA87E6A2E54DB6200494266 /* RootTableTableViewCell.swift */ = {isa = PBXFileReference; lastKnownFileType = sourcecode.swift; path = RootTableTableViewCell.swift; sourceTree = "<group>"; };
		3FA87E6D2E54DE7D00494266 /* AddingNumbersViewController.swift */ = {isa = PBXFileReference; lastKnownFileType = sourcecode.swift; path = AddingNumbersViewController.swift; sourceTree = "<group>"; };
		3FA87E712E54EAAA00494266 /* SimpleValidationViewController.swift */ = {isa = PBXFileReference; lastKnownFileType = sourcecode.swift; path = SimpleValidationViewController.swift; sourceTree = "<group>"; };
		3FCE1E8A2E545A5C00D317DA /* SeSACWeek8Mission.app */ = {isa = PBXFileReference; explicitFileType = wrapper.application; includeInIndex = 0; path = SeSACWeek8Mission.app; sourceTree = BUILT_PRODUCTS_DIR; };
		3FCE1EA22E545A7F00D317DA /* AppDelegate.swift */ = {isa = PBXFileReference; lastKnownFileType = sourcecode.swift; path = AppDelegate.swift; sourceTree = "<group>"; };
		3FCE1EA32E545A7F00D317DA /* Assets.xcassets */ = {isa = PBXFileReference; lastKnownFileType = folder.assetcatalog; path = Assets.xcassets; sourceTree = "<group>"; };
		3FCE1EA42E545A7F00D317DA /* Info.plist */ = {isa = PBXFileReference; lastKnownFileType = text.plist.xml; path = Info.plist; sourceTree = "<group>"; };
		3FCE1EA52E545A7F00D317DA /* Base */ = {isa = PBXFileReference; lastKnownFileType = file.storyboard; name = Base; path = Base.lproj/LaunchScreen.storyboard; sourceTree = "<group>"; };
		3FCE1EA72E545A7F00D317DA /* SceneDelegate.swift */ = {isa = PBXFileReference; lastKnownFileType = sourcecode.swift; path = SceneDelegate.swift; sourceTree = "<group>"; };
		3FCE1EB52E545BBA00D317DA /* SimpleTableViewViewController.swift */ = {isa = PBXFileReference; lastKnownFileType = sourcecode.swift; path = SimpleTableViewViewController.swift; sourceTree = "<group>"; };
		3FEBEAF22E59DC9F00AA7AC7 /* SettingModel.swift */ = {isa = PBXFileReference; lastKnownFileType = sourcecode.swift; path = SettingModel.swift; sourceTree = "<group>"; };
		3FEBEAF62E59E55C00AA7AC7 /* EditNicknameViewController.swift */ = {isa = PBXFileReference; lastKnownFileType = sourcecode.swift; path = EditNicknameViewController.swift; sourceTree = "<group>"; };
		3FEBEAF82E59EA1D00AA7AC7 /* UIViewController++Extetnsion.swift */ = {isa = PBXFileReference; lastKnownFileType = sourcecode.swift; path = "UIViewController++Extetnsion.swift"; sourceTree = "<group>"; };
		3FEBEB7D2E59EA5300AA7AC7 /* UILabel++Extension.swift */ = {isa = PBXFileReference; lastKnownFileType = sourcecode.swift; path = "UILabel++Extension.swift"; sourceTree = "<group>"; };
		3FEBEC022E59F29500AA7AC7 /* UserDefaultsKey.swift */ = {isa = PBXFileReference; lastKnownFileType = sourcecode.swift; path = UserDefaultsKey.swift; sourceTree = "<group>"; };
		3FEBEC052E59F30600AA7AC7 /* EditNicknameViewModel.swift */ = {isa = PBXFileReference; lastKnownFileType = sourcecode.swift; path = EditNicknameViewModel.swift; sourceTree = "<group>"; };
		3FF308012E5B4F2C0079CA02 /* TamagotchiModel.swift */ = {isa = PBXFileReference; lastKnownFileType = sourcecode.swift; path = TamagotchiModel.swift; sourceTree = "<group>"; };
		3FF308032E5B69AB0079CA02 /* TamagotchiDetailViewController.swift */ = {isa = PBXFileReference; lastKnownFileType = sourcecode.swift; path = TamagotchiDetailViewController.swift; sourceTree = "<group>"; };
		3FF308052E5B71A40079CA02 /* TamagotchiDetailViewModel.swift */ = {isa = PBXFileReference; lastKnownFileType = sourcecode.swift; path = TamagotchiDetailViewModel.swift; sourceTree = "<group>"; };
		3FF3081A2E5B84570079CA02 /* MainViewController.swift */ = {isa = PBXFileReference; lastKnownFileType = sourcecode.swift; path = MainViewController.swift; sourceTree = "<group>"; };
		3FF308A32E5B91BB0079CA02 /* MainViewModel.swift */ = {isa = PBXFileReference; lastKnownFileType = sourcecode.swift; path = MainViewModel.swift; sourceTree = "<group>"; };
/* End PBXFileReference section */

/* Begin PBXFrameworksBuildPhase section */
		3FCE1E872E545A5C00D317DA /* Frameworks */ = {
			isa = PBXFrameworksBuildPhase;
			buildActionMask = 2147483647;
			files = (
				3F1D34C02E5A16CE00C862A0 /* Toast in Frameworks */,
				3F1D3C862E5CC25100D9CAFA /* Alamofire in Frameworks */,
				3FA87E162E54D20300494266 /* SnapKit in Frameworks */,
				3FA87E192E54D20A00494266 /* Then in Frameworks */,
				3F9E7FA92E5A14DB00CF6A1D /* RxSwift in Frameworks */,
				3F9E7FA72E5A14DB00CF6A1D /* RxCocoa in Frameworks */,
				3F3BBD752E55DFB700A0CB52 /* Kingfisher in Frameworks */,
			);
			runOnlyForDeploymentPostprocessing = 0;
		};
/* End PBXFrameworksBuildPhase section */

/* Begin PBXGroup section */
		3F1D35462E5A2A7500C862A0 /* SelectTamagotchi */ = {
			isa = PBXGroup;
			children = (
				3F80DCDC2E5B0F0C00707185 /* Model */,
				3F5FCD6B2E5B10C500896DC8 /* ViewModel */,
				3F5FCD682E5B0FFC00896DC8 /* Cell */,
				3F1D35472E5A2AB800C862A0 /* ViewConotroller */,
			);
			path = SelectTamagotchi;
			sourceTree = "<group>";
		};
		3F1D35472E5A2AB800C862A0 /* ViewConotroller */ = {
			isa = PBXGroup;
			children = (
				3F1D35482E5A2AC900C862A0 /* SelectTamagotchiViewController.swift */,
				3FF308032E5B69AB0079CA02 /* TamagotchiDetailViewController.swift */,
			);
			path = ViewConotroller;
			sourceTree = "<group>";
		};
		3F1D3C7C2E5CBDAE00D9CAFA /* 25.08.25 */ = {
			isa = PBXGroup;
			children = (
				3F1D3C8A2E5CC8C400D9CAFA /* BoxOffice */,
				3F1D3C7D2E5CBDBE00D9CAFA /* Lotto */,
			);
			path = 25.08.25;
			sourceTree = "<group>";
		};
		3F1D3C7D2E5CBDBE00D9CAFA /* Lotto */ = {
			isa = PBXGroup;
			children = (
				3F1D3C872E5CC27000D9CAFA /* Model */,
				3F1D3C812E5CBFC000D9CAFA /* Observable */,
				3F1D3C802E5CBFB500D9CAFA /* ViewController */,
			);
			path = Lotto;
			sourceTree = "<group>";
		};
		3F1D3C802E5CBFB500D9CAFA /* ViewController */ = {
			isa = PBXGroup;
			children = (
				3F1D3C7E2E5CBDCC00D9CAFA /* LottoViewController.swift */,
			);
			path = ViewController;
			sourceTree = "<group>";
		};
		3F1D3C812E5CBFC000D9CAFA /* Observable */ = {
			isa = PBXGroup;
			children = (
				3F1D3C822E5CBFCB00D9CAFA /* LottoObservable.swift */,
			);
			path = Observable;
			sourceTree = "<group>";
		};
		3F1D3C872E5CC27000D9CAFA /* Model */ = {
			isa = PBXGroup;
			children = (
				3F1D3C882E5CC27700D9CAFA /* LottoModel.swift */,
			);
			path = Model;
			sourceTree = "<group>";
		};
		3F1D3C8A2E5CC8C400D9CAFA /* BoxOffice */ = {
			isa = PBXGroup;
			children = (
				3F1D3CCB2E5CE68B00D9CAFA /* Cell */,
				3F1D3C912E5CC9DD00D9CAFA /* Model */,
				3F1D3C8E2E5CC9C900D9CAFA /* Observable */,
				3F1D3C8B2E5CC8CB00D9CAFA /* ViewController */,
			);
			path = BoxOffice;
			sourceTree = "<group>";
		};
		3F1D3C8B2E5CC8CB00D9CAFA /* ViewController */ = {
			isa = PBXGroup;
			children = (
				3F1D3C8C2E5CC8D900D9CAFA /* BoxOfficeViewController.swift */,
			);
			path = ViewController;
			sourceTree = "<group>";
		};
		3F1D3C8E2E5CC9C900D9CAFA /* Observable */ = {
			isa = PBXGroup;
			children = (
				3F1D3C8F2E5CC9D600D9CAFA /* BoxOfficeObservable.swift */,
			);
			path = Observable;
			sourceTree = "<group>";
		};
		3F1D3C912E5CC9DD00D9CAFA /* Model */ = {
			isa = PBXGroup;
			children = (
				3F1D3C922E5CC9E500D9CAFA /* BoxOfficeModel.swift */,
			);
			path = Model;
			sourceTree = "<group>";
		};
		3F1D3CCB2E5CE68B00D9CAFA /* Cell */ = {
			isa = PBXGroup;
			children = (
				3F1D3CCC2E5CE69500D9CAFA /* BoxOfficeTableViewCell.swift */,
			);
			path = Cell;
			sourceTree = "<group>";
		};
		3F3BBD692E55DD0C00A0CB52 /* 25.08.19 */ = {
			isa = PBXGroup;
			children = (
				3FA87E672E54DAD000494266 /* RootTableView */,
				3FCE1EB42E545B6400D317DA /* SimpleTableView */,
				3FA87E6C2E54DE4400494266 /* AddingNumbers */,
				3FA87E702E54EA8300494266 /* SimpleValidation */,
			);
			path = 25.08.19;
			sourceTree = "<group>";
		};
		3F3BBD6A2E55DD3300A0CB52 /* 25.08.20 */ = {
			isa = PBXGroup;
			children = (
				3F3BBD6C2E55DD6300A0CB52 /* Homework */,
				3F3BBD6F2E55DD6300A0CB52 /* Recap */,
			);
			path = 25.08.20;
			sourceTree = "<group>";
		};
		3F3BBD6C2E55DD6300A0CB52 /* Homework */ = {
			isa = PBXGroup;
			children = (
				3F3BBD6B2E55DD6300A0CB52 /* HomeworkViewController.swift */,
				3FA6F54D2E5783850002B593 /* HomeDetailViewController.swift */,
			);
			path = Homework;
			sourceTree = "<group>";
		};
		3F3BBD6F2E55DD6300A0CB52 /* Recap */ = {
			isa = PBXGroup;
			children = (
				3F3BBD6D2E55DD6300A0CB52 /* PersonTableViewCell.swift */,
				3F3BBD6E2E55DD6300A0CB52 /* UserCollectionViewCell.swift */,
			);
			path = Recap;
			sourceTree = "<group>";
		};
		3F52B73C2E585D3B008FD276 /* 25.08.22 */ = {
			isa = PBXGroup;
			children = (
				3F52B73D2E585D83008FD276 /* Tab */,
			);
			path = 25.08.22;
			sourceTree = "<group>";
		};
		3F52B73D2E585D83008FD276 /* Tab */ = {
			isa = PBXGroup;
			children = (
				3FF308182E5B84430079CA02 /* Main */,
				3F1D35462E5A2A7500C862A0 /* SelectTamagotchi */,
				3F52B73E2E585D89008FD276 /* Setting */,
				3FEBEAF42E59E54200AA7AC7 /* EditNickname */,
			);
			path = Tab;
			sourceTree = "<group>";
		};
		3F52B73E2E585D89008FD276 /* Setting */ = {
			isa = PBXGroup;
			children = (
				3FEBEAF12E59DC9900AA7AC7 /* Model */,
				3F52B7482E5863E1008FD276 /* ViewModel */,
				3F52B7422E5860BD008FD276 /* Cell */,
				3F52B73F2E585D94008FD276 /* ViewController */,
			);
			path = Setting;
			sourceTree = "<group>";
		};
		3F52B73F2E585D94008FD276 /* ViewController */ = {
			isa = PBXGroup;
			children = (
				3F52B7402E585DA0008FD276 /* SettingViewController.swift */,
			);
			path = ViewController;
			sourceTree = "<group>";
		};
		3F52B7422E5860BD008FD276 /* Cell */ = {
			isa = PBXGroup;
			children = (
				3F52B7432E5860CB008FD276 /* SettingTableViewCell.swift */,
			);
			path = Cell;
			sourceTree = "<group>";
		};
		3F52B7452E5860EE008FD276 /* Extension */ = {
			isa = PBXGroup;
			children = (
				3F52B7462E586102008FD276 /* ReuseIdentifier.swift */,
				3FEBEAF82E59EA1D00AA7AC7 /* UIViewController++Extetnsion.swift */,
				3FEBEB7D2E59EA5300AA7AC7 /* UILabel++Extension.swift */,
				3FEBEC022E59F29500AA7AC7 /* UserDefaultsKey.swift */,
				3F1D34BC2E5A16A200C862A0 /* UIView++Extension.swift */,
			);
			path = Extension;
			sourceTree = "<group>";
		};
		3F52B7482E5863E1008FD276 /* ViewModel */ = {
			isa = PBXGroup;
			children = (
				3F52B7492E5863EE008FD276 /* SettingViewModel.swift */,
			);
			path = ViewModel;
			sourceTree = "<group>";
		};
		3F5FCD682E5B0FFC00896DC8 /* Cell */ = {
			isa = PBXGroup;
			children = (
				3F5FCD692E5B100900896DC8 /* TamagotchiCollectionViewCell.swift */,
			);
			path = Cell;
			sourceTree = "<group>";
		};
		3F5FCD6B2E5B10C500896DC8 /* ViewModel */ = {
			isa = PBXGroup;
			children = (
				3F5FCD6C2E5B10D700896DC8 /* TamagotchiViewModel.swift */,
				3FF308052E5B71A40079CA02 /* TamagotchiDetailViewModel.swift */,
			);
			path = ViewModel;
			sourceTree = "<group>";
		};
		3F80DCDC2E5B0F0C00707185 /* Model */ = {
			isa = PBXGroup;
			children = (
				3FF308012E5B4F2C0079CA02 /* TamagotchiModel.swift */,
			);
			path = Model;
			sourceTree = "<group>";
		};
		3FA6F53F2E5776870002B593 /* ViewModel */ = {
			isa = PBXGroup;
			children = (
				3FA6F5402E5776920002B593 /* AddingNumbersViewModel.swift */,
			);
			path = ViewModel;
			sourceTree = "<group>";
		};
		3FA6F5482E5780A20002B593 /* ViewController */ = {
			isa = PBXGroup;
			children = (
				3FA87E712E54EAAA00494266 /* SimpleValidationViewController.swift */,
			);
			path = ViewController;
			sourceTree = "<group>";
		};
		3FA6F5492E5780AA0002B593 /* ViewModel */ = {
			isa = PBXGroup;
			children = (
				3FA6F54A2E5780B60002B593 /* SimpleValidationViewModel.swift */,
			);
			path = ViewModel;
			sourceTree = "<group>";
		};
		3FA87E1A2E54D34300494266 /* ViewController */ = {
			isa = PBXGroup;
			children = (
				3FCE1EB52E545BBA00D317DA /* SimpleTableViewViewController.swift */,
			);
			path = ViewController;
			sourceTree = "<group>";
		};
		3FA87E1B2E54D34A00494266 /* Cell */ = {
			isa = PBXGroup;
			children = (
				3FA87E1C2E54D35D00494266 /* SimpleTableViewCell.swift */,
			);
			path = Cell;
			sourceTree = "<group>";
		};
		3FA87E672E54DAD000494266 /* RootTableView */ = {
			isa = PBXGroup;
			children = (
				3FA87E692E54DB5800494266 /* Cell */,
				3FA87E682E54DAE800494266 /* ViewController */,
			);
			path = RootTableView;
			sourceTree = "<group>";
		};
		3FA87E682E54DAE800494266 /* ViewController */ = {
			isa = PBXGroup;
			children = (
				3FA87E652E54DA3C00494266 /* RootTableViewController.swift */,
			);
			path = ViewController;
			sourceTree = "<group>";
		};
		3FA87E692E54DB5800494266 /* Cell */ = {
			isa = PBXGroup;
			children = (
				3FA87E6A2E54DB6200494266 /* RootTableTableViewCell.swift */,
			);
			path = Cell;
			sourceTree = "<group>";
		};
		3FA87E6C2E54DE4400494266 /* AddingNumbers */ = {
			isa = PBXGroup;
			children = (
				3FA6F53F2E5776870002B593 /* ViewModel */,
				3FA87E6F2E54DE8000494266 /* ViewController */,
			);
			path = AddingNumbers;
			sourceTree = "<group>";
		};
		3FA87E6F2E54DE8000494266 /* ViewController */ = {
			isa = PBXGroup;
			children = (
				3FA87E6D2E54DE7D00494266 /* AddingNumbersViewController.swift */,
			);
			path = ViewController;
			sourceTree = "<group>";
		};
		3FA87E702E54EA8300494266 /* SimpleValidation */ = {
			isa = PBXGroup;
			children = (
				3FA6F5492E5780AA0002B593 /* ViewModel */,
				3FA6F5482E5780A20002B593 /* ViewController */,
			);
			path = SimpleValidation;
			sourceTree = "<group>";
		};
		3FCE1E812E545A5C00D317DA = {
			isa = PBXGroup;
			children = (
				3FCE1EA92E545A7F00D317DA /* SeSACWeek8Mission */,
				3FCE1E8B2E545A5C00D317DA /* Products */,
			);
			sourceTree = "<group>";
		};
		3FCE1E8B2E545A5C00D317DA /* Products */ = {
			isa = PBXGroup;
			children = (
				3FCE1E8A2E545A5C00D317DA /* SeSACWeek8Mission.app */,
			);
			name = Products;
			sourceTree = "<group>";
		};
		3FCE1EA92E545A7F00D317DA /* SeSACWeek8Mission */ = {
			isa = PBXGroup;
			children = (
				3FCE1EB02E545A8400D317DA /* Source */,
				3FCE1EB12E545A8D00D317DA /* Resource */,
			);
			path = SeSACWeek8Mission;
			sourceTree = "<group>";
		};
		3FCE1EB02E545A8400D317DA /* Source */ = {
			isa = PBXGroup;
			children = (
				3FCE1EB22E545A9700D317DA /* Application */,
				3FCE1EB32E545B3200D317DA /* Tab */,
				3F52B7452E5860EE008FD276 /* Extension */,
			);
			path = Source;
			sourceTree = "<group>";
		};
		3FCE1EB12E545A8D00D317DA /* Resource */ = {
			isa = PBXGroup;
			children = (
				3FCE1EA32E545A7F00D317DA /* Assets.xcassets */,
				3FCE1EA42E545A7F00D317DA /* Info.plist */,
				3FCE1EA62E545A7F00D317DA /* LaunchScreen.storyboard */,
				3F1D3CC92E5CE1C700D9CAFA /* Secret.xcconfig */,
			);
			path = Resource;
			sourceTree = "<group>";
		};
		3FCE1EB22E545A9700D317DA /* Application */ = {
			isa = PBXGroup;
			children = (
				3FCE1EA22E545A7F00D317DA /* AppDelegate.swift */,
				3FCE1EA72E545A7F00D317DA /* SceneDelegate.swift */,
			);
			path = Application;
			sourceTree = "<group>";
		};
		3FCE1EB32E545B3200D317DA /* Tab */ = {
			isa = PBXGroup;
			children = (
				3F3BBD692E55DD0C00A0CB52 /* 25.08.19 */,
				3F3BBD6A2E55DD3300A0CB52 /* 25.08.20 */,
				3F52B73C2E585D3B008FD276 /* 25.08.22 */,
				3F1D3C7C2E5CBDAE00D9CAFA /* 25.08.25 */,
			);
			path = Tab;
			sourceTree = "<group>";
		};
		3FCE1EB42E545B6400D317DA /* SimpleTableView */ = {
			isa = PBXGroup;
			children = (
				3FA87E1B2E54D34A00494266 /* Cell */,
				3FA87E1A2E54D34300494266 /* ViewController */,
			);
			path = SimpleTableView;
			sourceTree = "<group>";
		};
		3FEBEAF12E59DC9900AA7AC7 /* Model */ = {
			isa = PBXGroup;
			children = (
				3FEBEAF22E59DC9F00AA7AC7 /* SettingModel.swift */,
			);
			path = Model;
			sourceTree = "<group>";
		};
		3FEBEAF42E59E54200AA7AC7 /* EditNickname */ = {
			isa = PBXGroup;
			children = (
				3FEBEC042E59F2F700AA7AC7 /* ViewModel */,
				3FEBEAF52E59E54D00AA7AC7 /* ViewController */,
			);
			path = EditNickname;
			sourceTree = "<group>";
		};
		3FEBEAF52E59E54D00AA7AC7 /* ViewController */ = {
			isa = PBXGroup;
			children = (
				3FEBEAF62E59E55C00AA7AC7 /* EditNicknameViewController.swift */,
			);
			path = ViewController;
			sourceTree = "<group>";
		};
		3FEBEC042E59F2F700AA7AC7 /* ViewModel */ = {
			isa = PBXGroup;
			children = (
				3FEBEC052E59F30600AA7AC7 /* EditNicknameViewModel.swift */,
			);
			path = ViewModel;
			sourceTree = "<group>";
		};
		3FF308182E5B84430079CA02 /* Main */ = {
			isa = PBXGroup;
			children = (
				3FF308A22E5B91B20079CA02 /* ViewModel */,
				3FF308192E5B844A0079CA02 /* ViewController */,
			);
			path = Main;
			sourceTree = "<group>";
		};
		3FF308192E5B844A0079CA02 /* ViewController */ = {
			isa = PBXGroup;
			children = (
				3FF3081A2E5B84570079CA02 /* MainViewController.swift */,
			);
			path = ViewController;
			sourceTree = "<group>";
		};
		3FF308A22E5B91B20079CA02 /* ViewModel */ = {
			isa = PBXGroup;
			children = (
				3FF308A32E5B91BB0079CA02 /* MainViewModel.swift */,
			);
			path = ViewModel;
			sourceTree = "<group>";
		};
/* End PBXGroup section */

/* Begin PBXNativeTarget section */
		3FCE1E892E545A5C00D317DA /* SeSACWeek8Mission */ = {
			isa = PBXNativeTarget;
			buildConfigurationList = 3FCE1E9D2E545A5E00D317DA /* Build configuration list for PBXNativeTarget "SeSACWeek8Mission" */;
			buildPhases = (
				3FCE1E862E545A5C00D317DA /* Sources */,
				3FCE1E872E545A5C00D317DA /* Frameworks */,
				3FCE1E882E545A5C00D317DA /* Resources */,
			);
			buildRules = (
			);
			dependencies = (
			);
			name = SeSACWeek8Mission;
			packageProductDependencies = (
				3FA87E152E54D20300494266 /* SnapKit */,
				3FA87E182E54D20A00494266 /* Then */,
				3F3BBD742E55DFB700A0CB52 /* Kingfisher */,
				3F9E7FA62E5A14DB00CF6A1D /* RxCocoa */,
				3F9E7FA82E5A14DB00CF6A1D /* RxSwift */,
				3F1D34BF2E5A16CE00C862A0 /* Toast */,
				3F1D3C852E5CC25100D9CAFA /* Alamofire */,
			);
			productName = SeSACWeek8Mission;
			productReference = 3FCE1E8A2E545A5C00D317DA /* SeSACWeek8Mission.app */;
			productType = "com.apple.product-type.application";
		};
/* End PBXNativeTarget section */

/* Begin PBXProject section */
		3FCE1E822E545A5C00D317DA /* Project object */ = {
			isa = PBXProject;
			attributes = {
				BuildIndependentTargetsInParallel = 1;
				LastSwiftUpdateCheck = 1610;
				LastUpgradeCheck = 1610;
				TargetAttributes = {
					3FCE1E892E545A5C00D317DA = {
						CreatedOnToolsVersion = 16.1;
					};
				};
			};
			buildConfigurationList = 3FCE1E852E545A5C00D317DA /* Build configuration list for PBXProject "SeSACWeek8Mission" */;
			developmentRegion = en;
			hasScannedForEncodings = 0;
			knownRegions = (
				en,
				Base,
			);
			mainGroup = 3FCE1E812E545A5C00D317DA;
			minimizedProjectReferenceProxies = 1;
			packageReferences = (
				3FA87E142E54D20300494266 /* XCRemoteSwiftPackageReference "SnapKit" */,
				3FA87E172E54D20A00494266 /* XCRemoteSwiftPackageReference "Then" */,
				3F3BBD732E55DFB700A0CB52 /* XCRemoteSwiftPackageReference "Kingfisher" */,
				3F9E7FA52E5A14DB00CF6A1D /* XCRemoteSwiftPackageReference "RxSwift" */,
				3F1D34BE2E5A16CE00C862A0 /* XCRemoteSwiftPackageReference "Toast-Swift" */,
				3F1D3C842E5CC25100D9CAFA /* XCRemoteSwiftPackageReference "Alamofire" */,
			);
			preferredProjectObjectVersion = 77;
			productRefGroup = 3FCE1E8B2E545A5C00D317DA /* Products */;
			projectDirPath = "";
			projectRoot = "";
			targets = (
				3FCE1E892E545A5C00D317DA /* SeSACWeek8Mission */,
			);
		};
/* End PBXProject section */

/* Begin PBXResourcesBuildPhase section */
		3FCE1E882E545A5C00D317DA /* Resources */ = {
			isa = PBXResourcesBuildPhase;
			buildActionMask = 2147483647;
			files = (
				3F1D3CCA2E5CE1C700D9CAFA /* Secret.xcconfig in Resources */,
				3FCE1EAD2E545A7F00D317DA /* Assets.xcassets in Resources */,
				3FCE1EAF2E545A7F00D317DA /* LaunchScreen.storyboard in Resources */,
			);
			runOnlyForDeploymentPostprocessing = 0;
		};
/* End PBXResourcesBuildPhase section */

/* Begin PBXSourcesBuildPhase section */
		3FCE1E862E545A5C00D317DA /* Sources */ = {
			isa = PBXSourcesBuildPhase;
			buildActionMask = 2147483647;
			files = (
				3F3BBD702E55DD6300A0CB52 /* PersonTableViewCell.swift in Sources */,
				3F3BBD712E55DD6300A0CB52 /* UserCollectionViewCell.swift in Sources */,
				3F1D34BD2E5A16A200C862A0 /* UIView++Extension.swift in Sources */,
				3F1D3C7F2E5CBDCC00D9CAFA /* LottoViewController.swift in Sources */,
				3FA6F5412E5776920002B593 /* AddingNumbersViewModel.swift in Sources */,
				3FF308022E5B4F2C0079CA02 /* TamagotchiModel.swift in Sources */,
				3F3BBD722E55DD6300A0CB52 /* HomeworkViewController.swift in Sources */,
				3F1D3C8D2E5CC8D900D9CAFA /* BoxOfficeViewController.swift in Sources */,
				3FF308062E5B71A40079CA02 /* TamagotchiDetailViewModel.swift in Sources */,
				3FEBEB7E2E59EA5300AA7AC7 /* UILabel++Extension.swift in Sources */,
				3FEBEC032E59F29500AA7AC7 /* UserDefaultsKey.swift in Sources */,
				3F1D35492E5A2AC900C862A0 /* SelectTamagotchiViewController.swift in Sources */,
				3F1D3C832E5CBFCB00D9CAFA /* LottoObservable.swift in Sources */,
				3FA87E6B2E54DB6200494266 /* RootTableTableViewCell.swift in Sources */,
				3F52B7412E585DA0008FD276 /* SettingViewController.swift in Sources */,
				3F1D3C932E5CC9E500D9CAFA /* BoxOfficeModel.swift in Sources */,
				3F52B7442E5860CB008FD276 /* SettingTableViewCell.swift in Sources */,
				3F52B74A2E5863EE008FD276 /* SettingViewModel.swift in Sources */,
				3FEBEAF32E59DC9F00AA7AC7 /* SettingModel.swift in Sources */,
				3F5FCD6D2E5B10D700896DC8 /* TamagotchiViewModel.swift in Sources */,
				3FCE1EAA2E545A7F00D317DA /* AppDelegate.swift in Sources */,
				3FA87E1D2E54D35D00494266 /* SimpleTableViewCell.swift in Sources */,
				3FA87E722E54EAAA00494266 /* SimpleValidationViewController.swift in Sources */,
				3FEBEAF72E59E55C00AA7AC7 /* EditNicknameViewController.swift in Sources */,
				3F52B7472E586102008FD276 /* ReuseIdentifier.swift in Sources */,
				3F5FCD6A2E5B100900896DC8 /* TamagotchiCollectionViewCell.swift in Sources */,
				3FA87E662E54DA3C00494266 /* RootTableViewController.swift in Sources */,
				3FF3081B2E5B84570079CA02 /* MainViewController.swift in Sources */,
				3FA6F54B2E5780B60002B593 /* SimpleValidationViewModel.swift in Sources */,
				3FA87E6E2E54DE7D00494266 /* AddingNumbersViewController.swift in Sources */,
				3FF308042E5B69AB0079CA02 /* TamagotchiDetailViewController.swift in Sources */,
				3F1D3CCD2E5CE69500D9CAFA /* BoxOfficeTableViewCell.swift in Sources */,
				3FEBEAF92E59EA1D00AA7AC7 /* UIViewController++Extetnsion.swift in Sources */,
				3F1D3C892E5CC27700D9CAFA /* LottoModel.swift in Sources */,
				3F1D3C902E5CC9D600D9CAFA /* BoxOfficeObservable.swift in Sources */,
				3FCE1EB62E545BBA00D317DA /* SimpleTableViewViewController.swift in Sources */,
				3FA6F54E2E5783850002B593 /* HomeDetailViewController.swift in Sources */,
				3FEBEC062E59F30600AA7AC7 /* EditNicknameViewModel.swift in Sources */,
				3FCE1EAB2E545A7F00D317DA /* SceneDelegate.swift in Sources */,
				3FF308A42E5B91BB0079CA02 /* MainViewModel.swift in Sources */,
			);
			runOnlyForDeploymentPostprocessing = 0;
		};
/* End PBXSourcesBuildPhase section */

/* Begin PBXVariantGroup section */
		3FCE1EA62E545A7F00D317DA /* LaunchScreen.storyboard */ = {
			isa = PBXVariantGroup;
			children = (
				3FCE1EA52E545A7F00D317DA /* Base */,
			);
			name = LaunchScreen.storyboard;
			sourceTree = "<group>";
		};
/* End PBXVariantGroup section */

/* Begin XCBuildConfiguration section */
		3FCE1E9E2E545A5E00D317DA /* Debug */ = {
			isa = XCBuildConfiguration;
			baseConfigurationReference = 3F1D3CC92E5CE1C700D9CAFA /* Secret.xcconfig */;
			buildSettings = {
				ASSETCATALOG_COMPILER_APPICON_NAME = AppIcon;
				ASSETCATALOG_COMPILER_GLOBAL_ACCENT_COLOR_NAME = AccentColor;
				CODE_SIGN_STYLE = Automatic;
				CURRENT_PROJECT_VERSION = 1;
				DEVELOPMENT_TEAM = 3S2S9T38QB;
				GENERATE_INFOPLIST_FILE = YES;
				INFOPLIST_FILE = SeSACWeek8Mission/Resource/Info.plist;
				INFOPLIST_KEY_UIApplicationSupportsIndirectInputEvents = YES;
				INFOPLIST_KEY_UILaunchStoryboardName = LaunchScreen;
				INFOPLIST_KEY_UIMainStoryboardFile = "";
				INFOPLIST_KEY_UISupportedInterfaceOrientations_iPad = "UIInterfaceOrientationPortrait UIInterfaceOrientationPortraitUpsideDown UIInterfaceOrientationLandscapeLeft UIInterfaceOrientationLandscapeRight";
				INFOPLIST_KEY_UISupportedInterfaceOrientations_iPhone = "UIInterfaceOrientationPortrait UIInterfaceOrientationLandscapeLeft UIInterfaceOrientationLandscapeRight";
				IPHONEOS_DEPLOYMENT_TARGET = 15.6;
				LD_RUNPATH_SEARCH_PATHS = (
					"$(inherited)",
					"@executable_path/Frameworks",
				);
				MARKETING_VERSION = 1.0;
				PRODUCT_BUNDLE_IDENTIFIER = com.JustDin.SeSACWeek8Mission;
				PRODUCT_NAME = "$(TARGET_NAME)";
				SUPPORTED_PLATFORMS = "iphoneos iphonesimulator";
				SUPPORTS_MACCATALYST = NO;
				SUPPORTS_MAC_DESIGNED_FOR_IPHONE_IPAD = NO;
				SUPPORTS_XR_DESIGNED_FOR_IPHONE_IPAD = NO;
				SWIFT_EMIT_LOC_STRINGS = YES;
				SWIFT_VERSION = 5.0;
				TARGETED_DEVICE_FAMILY = 1;
			};
			name = Debug;
		};
		3FCE1E9F2E545A5E00D317DA /* Release */ = {
			isa = XCBuildConfiguration;
			buildSettings = {
				ASSETCATALOG_COMPILER_APPICON_NAME = AppIcon;
				ASSETCATALOG_COMPILER_GLOBAL_ACCENT_COLOR_NAME = AccentColor;
				CODE_SIGN_STYLE = Automatic;
				CURRENT_PROJECT_VERSION = 1;
				DEVELOPMENT_TEAM = 3S2S9T38QB;
				GENERATE_INFOPLIST_FILE = YES;
				INFOPLIST_FILE = SeSACWeek8Mission/Resource/Info.plist;
				INFOPLIST_KEY_UIApplicationSupportsIndirectInputEvents = YES;
				INFOPLIST_KEY_UILaunchStoryboardName = LaunchScreen;
				INFOPLIST_KEY_UIMainStoryboardFile = "";
				INFOPLIST_KEY_UISupportedInterfaceOrientations_iPad = "UIInterfaceOrientationPortrait UIInterfaceOrientationPortraitUpsideDown UIInterfaceOrientationLandscapeLeft UIInterfaceOrientationLandscapeRight";
				INFOPLIST_KEY_UISupportedInterfaceOrientations_iPhone = "UIInterfaceOrientationPortrait UIInterfaceOrientationLandscapeLeft UIInterfaceOrientationLandscapeRight";
				IPHONEOS_DEPLOYMENT_TARGET = 15.6;
				LD_RUNPATH_SEARCH_PATHS = (
					"$(inherited)",
					"@executable_path/Frameworks",
				);
				MARKETING_VERSION = 1.0;
				PRODUCT_BUNDLE_IDENTIFIER = com.JustDin.SeSACWeek8Mission;
				PRODUCT_NAME = "$(TARGET_NAME)";
				SUPPORTED_PLATFORMS = "iphoneos iphonesimulator";
				SUPPORTS_MACCATALYST = NO;
				SUPPORTS_MAC_DESIGNED_FOR_IPHONE_IPAD = NO;
				SUPPORTS_XR_DESIGNED_FOR_IPHONE_IPAD = NO;
				SWIFT_EMIT_LOC_STRINGS = YES;
				SWIFT_VERSION = 5.0;
				TARGETED_DEVICE_FAMILY = 1;
			};
			name = Release;
		};
		3FCE1EA02E545A5E00D317DA /* Debug */ = {
			isa = XCBuildConfiguration;
			buildSettings = {
				ALWAYS_SEARCH_USER_PATHS = NO;
				ASSETCATALOG_COMPILER_GENERATE_SWIFT_ASSET_SYMBOL_EXTENSIONS = YES;
				CLANG_ANALYZER_NONNULL = YES;
				CLANG_ANALYZER_NUMBER_OBJECT_CONVERSION = YES_AGGRESSIVE;
				CLANG_CXX_LANGUAGE_STANDARD = "gnu++20";
				CLANG_ENABLE_MODULES = YES;
				CLANG_ENABLE_OBJC_ARC = YES;
				CLANG_ENABLE_OBJC_WEAK = YES;
				CLANG_WARN_BLOCK_CAPTURE_AUTORELEASING = YES;
				CLANG_WARN_BOOL_CONVERSION = YES;
				CLANG_WARN_COMMA = YES;
				CLANG_WARN_CONSTANT_CONVERSION = YES;
				CLANG_WARN_DEPRECATED_OBJC_IMPLEMENTATIONS = YES;
				CLANG_WARN_DIRECT_OBJC_ISA_USAGE = YES_ERROR;
				CLANG_WARN_DOCUMENTATION_COMMENTS = YES;
				CLANG_WARN_EMPTY_BODY = YES;
				CLANG_WARN_ENUM_CONVERSION = YES;
				CLANG_WARN_INFINITE_RECURSION = YES;
				CLANG_WARN_INT_CONVERSION = YES;
				CLANG_WARN_NON_LITERAL_NULL_CONVERSION = YES;
				CLANG_WARN_OBJC_IMPLICIT_RETAIN_SELF = YES;
				CLANG_WARN_OBJC_LITERAL_CONVERSION = YES;
				CLANG_WARN_OBJC_ROOT_CLASS = YES_ERROR;
				CLANG_WARN_QUOTED_INCLUDE_IN_FRAMEWORK_HEADER = YES;
				CLANG_WARN_RANGE_LOOP_ANALYSIS = YES;
				CLANG_WARN_STRICT_PROTOTYPES = YES;
				CLANG_WARN_SUSPICIOUS_MOVE = YES;
				CLANG_WARN_UNGUARDED_AVAILABILITY = YES_AGGRESSIVE;
				CLANG_WARN_UNREACHABLE_CODE = YES;
				CLANG_WARN__DUPLICATE_METHOD_MATCH = YES;
				COPY_PHASE_STRIP = NO;
				DEBUG_INFORMATION_FORMAT = dwarf;
				ENABLE_STRICT_OBJC_MSGSEND = YES;
				ENABLE_TESTABILITY = YES;
				ENABLE_USER_SCRIPT_SANDBOXING = YES;
				GCC_C_LANGUAGE_STANDARD = gnu17;
				GCC_DYNAMIC_NO_PIC = NO;
				GCC_NO_COMMON_BLOCKS = YES;
				GCC_OPTIMIZATION_LEVEL = 0;
				GCC_PREPROCESSOR_DEFINITIONS = (
					"DEBUG=1",
					"$(inherited)",
				);
				GCC_WARN_64_TO_32_BIT_CONVERSION = YES;
				GCC_WARN_ABOUT_RETURN_TYPE = YES_ERROR;
				GCC_WARN_UNDECLARED_SELECTOR = YES;
				GCC_WARN_UNINITIALIZED_AUTOS = YES_AGGRESSIVE;
				GCC_WARN_UNUSED_FUNCTION = YES;
				GCC_WARN_UNUSED_VARIABLE = YES;
				IPHONEOS_DEPLOYMENT_TARGET = 18.1;
				LOCALIZATION_PREFERS_STRING_CATALOGS = YES;
				MTL_ENABLE_DEBUG_INFO = INCLUDE_SOURCE;
				MTL_FAST_MATH = YES;
				ONLY_ACTIVE_ARCH = YES;
				SDKROOT = iphoneos;
				SWIFT_ACTIVE_COMPILATION_CONDITIONS = "DEBUG $(inherited)";
				SWIFT_OPTIMIZATION_LEVEL = "-Onone";
			};
			name = Debug;
		};
		3FCE1EA12E545A5E00D317DA /* Release */ = {
			isa = XCBuildConfiguration;
			buildSettings = {
				ALWAYS_SEARCH_USER_PATHS = NO;
				ASSETCATALOG_COMPILER_GENERATE_SWIFT_ASSET_SYMBOL_EXTENSIONS = YES;
				CLANG_ANALYZER_NONNULL = YES;
				CLANG_ANALYZER_NUMBER_OBJECT_CONVERSION = YES_AGGRESSIVE;
				CLANG_CXX_LANGUAGE_STANDARD = "gnu++20";
				CLANG_ENABLE_MODULES = YES;
				CLANG_ENABLE_OBJC_ARC = YES;
				CLANG_ENABLE_OBJC_WEAK = YES;
				CLANG_WARN_BLOCK_CAPTURE_AUTORELEASING = YES;
				CLANG_WARN_BOOL_CONVERSION = YES;
				CLANG_WARN_COMMA = YES;
				CLANG_WARN_CONSTANT_CONVERSION = YES;
				CLANG_WARN_DEPRECATED_OBJC_IMPLEMENTATIONS = YES;
				CLANG_WARN_DIRECT_OBJC_ISA_USAGE = YES_ERROR;
				CLANG_WARN_DOCUMENTATION_COMMENTS = YES;
				CLANG_WARN_EMPTY_BODY = YES;
				CLANG_WARN_ENUM_CONVERSION = YES;
				CLANG_WARN_INFINITE_RECURSION = YES;
				CLANG_WARN_INT_CONVERSION = YES;
				CLANG_WARN_NON_LITERAL_NULL_CONVERSION = YES;
				CLANG_WARN_OBJC_IMPLICIT_RETAIN_SELF = YES;
				CLANG_WARN_OBJC_LITERAL_CONVERSION = YES;
				CLANG_WARN_OBJC_ROOT_CLASS = YES_ERROR;
				CLANG_WARN_QUOTED_INCLUDE_IN_FRAMEWORK_HEADER = YES;
				CLANG_WARN_RANGE_LOOP_ANALYSIS = YES;
				CLANG_WARN_STRICT_PROTOTYPES = YES;
				CLANG_WARN_SUSPICIOUS_MOVE = YES;
				CLANG_WARN_UNGUARDED_AVAILABILITY = YES_AGGRESSIVE;
				CLANG_WARN_UNREACHABLE_CODE = YES;
				CLANG_WARN__DUPLICATE_METHOD_MATCH = YES;
				COPY_PHASE_STRIP = NO;
				DEBUG_INFORMATION_FORMAT = "dwarf-with-dsym";
				ENABLE_NS_ASSERTIONS = NO;
				ENABLE_STRICT_OBJC_MSGSEND = YES;
				ENABLE_USER_SCRIPT_SANDBOXING = YES;
				GCC_C_LANGUAGE_STANDARD = gnu17;
				GCC_NO_COMMON_BLOCKS = YES;
				GCC_WARN_64_TO_32_BIT_CONVERSION = YES;
				GCC_WARN_ABOUT_RETURN_TYPE = YES_ERROR;
				GCC_WARN_UNDECLARED_SELECTOR = YES;
				GCC_WARN_UNINITIALIZED_AUTOS = YES_AGGRESSIVE;
				GCC_WARN_UNUSED_FUNCTION = YES;
				GCC_WARN_UNUSED_VARIABLE = YES;
				IPHONEOS_DEPLOYMENT_TARGET = 18.1;
				LOCALIZATION_PREFERS_STRING_CATALOGS = YES;
				MTL_ENABLE_DEBUG_INFO = NO;
				MTL_FAST_MATH = YES;
				SDKROOT = iphoneos;
				SWIFT_COMPILATION_MODE = wholemodule;
				VALIDATE_PRODUCT = YES;
			};
			name = Release;
		};
/* End XCBuildConfiguration section */

/* Begin XCConfigurationList section */
		3FCE1E852E545A5C00D317DA /* Build configuration list for PBXProject "SeSACWeek8Mission" */ = {
			isa = XCConfigurationList;
			buildConfigurations = (
				3FCE1EA02E545A5E00D317DA /* Debug */,
				3FCE1EA12E545A5E00D317DA /* Release */,
			);
			defaultConfigurationIsVisible = 0;
			defaultConfigurationName = Release;
		};
		3FCE1E9D2E545A5E00D317DA /* Build configuration list for PBXNativeTarget "SeSACWeek8Mission" */ = {
			isa = XCConfigurationList;
			buildConfigurations = (
				3FCE1E9E2E545A5E00D317DA /* Debug */,
				3FCE1E9F2E545A5E00D317DA /* Release */,
			);
			defaultConfigurationIsVisible = 0;
			defaultConfigurationName = Release;
		};
/* End XCConfigurationList section */

/* Begin XCRemoteSwiftPackageReference section */
		3F1D34BE2E5A16CE00C862A0 /* XCRemoteSwiftPackageReference "Toast-Swift" */ = {
			isa = XCRemoteSwiftPackageReference;
			repositoryURL = "https://github.com/scalessec/Toast-Swift.git";
			requirement = {
				kind = upToNextMajorVersion;
				minimumVersion = 5.1.1;
			};
		};
		3F1D3C842E5CC25100D9CAFA /* XCRemoteSwiftPackageReference "Alamofire" */ = {
			isa = XCRemoteSwiftPackageReference;
			repositoryURL = "https://github.com/Alamofire/Alamofire.git";
			requirement = {
				kind = upToNextMajorVersion;
				minimumVersion = 5.10.2;
			};
		};
		3F3BBD732E55DFB700A0CB52 /* XCRemoteSwiftPackageReference "Kingfisher" */ = {
			isa = XCRemoteSwiftPackageReference;
			repositoryURL = "https://github.com/onevcat/Kingfisher.git";
			requirement = {
				kind = upToNextMajorVersion;
				minimumVersion = 8.5.0;
			};
		};
		3F9E7FA52E5A14DB00CF6A1D /* XCRemoteSwiftPackageReference "RxSwift" */ = {
			isa = XCRemoteSwiftPackageReference;
			repositoryURL = "https://github.com/ReactiveX/RxSwift.git";
			requirement = {
				kind = upToNextMajorVersion;
				minimumVersion = 6.9.0;
			};
		};
		3FA87E142E54D20300494266 /* XCRemoteSwiftPackageReference "SnapKit" */ = {
			isa = XCRemoteSwiftPackageReference;
			repositoryURL = "https://github.com/SnapKit/SnapKit.git";
			requirement = {
				kind = upToNextMajorVersion;
				minimumVersion = 5.7.1;
			};
		};
		3FA87E172E54D20A00494266 /* XCRemoteSwiftPackageReference "Then" */ = {
			isa = XCRemoteSwiftPackageReference;
			repositoryURL = "https://github.com/devxoul/Then.git";
			requirement = {
				kind = upToNextMajorVersion;
				minimumVersion = 3.0.0;
			};
		};
/* End XCRemoteSwiftPackageReference section */

/* Begin XCSwiftPackageProductDependency section */
		3F1D34BF2E5A16CE00C862A0 /* Toast */ = {
			isa = XCSwiftPackageProductDependency;
			package = 3F1D34BE2E5A16CE00C862A0 /* XCRemoteSwiftPackageReference "Toast-Swift" */;
			productName = Toast;
		};
		3F1D3C852E5CC25100D9CAFA /* Alamofire */ = {
			isa = XCSwiftPackageProductDependency;
			package = 3F1D3C842E5CC25100D9CAFA /* XCRemoteSwiftPackageReference "Alamofire" */;
			productName = Alamofire;
		};
		3F3BBD742E55DFB700A0CB52 /* Kingfisher */ = {
			isa = XCSwiftPackageProductDependency;
			package = 3F3BBD732E55DFB700A0CB52 /* XCRemoteSwiftPackageReference "Kingfisher" */;
			productName = Kingfisher;
		};
		3F9E7FA62E5A14DB00CF6A1D /* RxCocoa */ = {
			isa = XCSwiftPackageProductDependency;
			package = 3F9E7FA52E5A14DB00CF6A1D /* XCRemoteSwiftPackageReference "RxSwift" */;
			productName = RxCocoa;
		};
		3F9E7FA82E5A14DB00CF6A1D /* RxSwift */ = {
			isa = XCSwiftPackageProductDependency;
			package = 3F9E7FA52E5A14DB00CF6A1D /* XCRemoteSwiftPackageReference "RxSwift" */;
			productName = RxSwift;
		};
		3FA87E152E54D20300494266 /* SnapKit */ = {
			isa = XCSwiftPackageProductDependency;
			package = 3FA87E142E54D20300494266 /* XCRemoteSwiftPackageReference "SnapKit" */;
			productName = SnapKit;
		};
		3FA87E182E54D20A00494266 /* Then */ = {
			isa = XCSwiftPackageProductDependency;
			package = 3FA87E172E54D20A00494266 /* XCRemoteSwiftPackageReference "Then" */;
			productName = Then;
		};
/* End XCSwiftPackageProductDependency section */
	};
	rootObject = 3FCE1E822E545A5C00D317DA /* Project object */;
}
